
Microsoft Visual Studio Solution File, Format Version 12.00
# Visual Studio Version 16
VisualStudioVersion = 16.0.28922.388
MinimumVisualStudioVersion = 10.0.40219.1
Project("{9A19103F-16F7-4668-BE54-9A1E7A4F7556}") = "LeetCode", "LeetCode\LeetCode.csproj", "{B2ECC42A-1F20-4F66-9A10-B510D1A7AAB9}"
EndProject
Project("{9A19103F-16F7-4668-BE54-9A1E7A4F7556}") = "LeetCodeUnitTest", "LeetCodeUnitTest\LeetCodeUnitTest.csproj", "{7C5E0716-8CF9-42F6-B33E-7144E4C8546C}"
EndProject
Global
	GlobalSection(SolutionConfigurationPlatforms) = preSolution
		Debug|Any CPU = Debug|Any CPU
		Release|Any CPU = Release|Any CPU
	EndGlobalSection
	GlobalSection(ProjectConfigurationPlatforms) = postSolution
		{B2ECC42A-1F20-4F66-9A10-B510D1A7AAB9}.Debug|Any CPU.ActiveCfg = Debug|Any CPU
		{B2ECC42A-1F20-4F66-9A10-B510D1A7AAB9}.Debug|Any CPU.Build.0 = Debug|Any CPU
		{B2ECC42A-1F20-4F66-9A10-B510D1A7AAB9}.Release|Any CPU.ActiveCfg = Release|Any CPU
		{B2ECC42A-1F20-4F66-9A10-B510D1A7AAB9}.Release|Any CPU.Build.0 = Release|Any CPU
		{7C5E0716-8CF9-42F6-B33E-7144E4C8546C}.Debug|Any CPU.ActiveCfg = Debug|Any CPU
		{7C5E0716-8CF9-42F6-B33E-7144E4C8546C}.Debug|Any CPU.Build.0 = Debug|Any CPU
		{7C5E0716-8CF9-42F6-B33E-7144E4C8546C}.Release|Any CPU.ActiveCfg = Release|Any CPU
		{7C5E0716-8CF9-42F6-B33E-7144E4C8546C}.Release|Any CPU.Build.0 = Release|Any CPU
	EndGlobalSection
	GlobalSection(SolutionProperties) = preSolution
		HideSolutionNode = FALSE
	EndGlobalSection
	GlobalSection(ExtensibilityGlobals) = postSolution
		SolutionGuid = {0859E238-77AA-453B-B19E-ED49943ED8AA}
	EndGlobalSection
EndGlobal
